PODS:
  - BlueSocket (0.12.94)
  - SwordRPC (0.2.2):
    - BlueSocket (~> 0.12)

DEPENDENCIES:
  - SwordRPC

SPEC REPOS:
  trunk:
    - BlueSocket
    - SwordRPC

SPEC CHECKSUMS:
  BlueSocket: 184ff448002475bfb5d676286c2458da5d971f47
  SwordRPC: 7ed51064ea9e61c3c6833cf9de90a8be0ab36653

PODFILE CHECKSUM: e7d96f1c106fa5cc8cf685f18956a813d12cfca7

COCOAPODS: 1.11.3
