// !$*UTF8*$!
{
	archiveVersion = 1;
	classes = {
	};
	objectVersion = 56;
	objects = {

/* Begin PBXBuildFile section */
		3ED2CD445E526C6709ECEED7 /* Pods_MSOffice_DiscordRPCTests.framework in Frameworks */ = {isa = PBXBuildFile; fileRef = 6D250F4E0B0FF0CDDEED0DCE /* Pods_MSOffice_DiscordRPCTests.framework */; };
		4166761616C0CE12E3E19890 /* Pods_MSOffice_DiscordRPC_MSOffice_DiscordRPCUITests.framework in Frameworks */ = {isa = PBXBuildFile; fileRef = 1CA7BE66C28426E793DA38B6 /* Pods_MSOffice_DiscordRPC_MSOffice_DiscordRPCUITests.framework */; };
		569872B828BDF52700B413A9 /* MSOffice_DiscordRPCApp.swift in Sources */ = {isa = PBXBuildFile; fileRef = 569872B728BDF52700B413A9 /* MSOffice_DiscordRPCApp.swift */; };
		569872BA28BDF52700B413A9 /* ContentView.swift in Sources */ = {isa = PBXBuildFile; fileRef = 569872B928BDF52700B413A9 /* ContentView.swift */; };
		569872BC28BDF52C00B413A9 /* Assets.xcassets in Resources */ = {isa = PBXBuildFile; fileRef = 569872BB28BDF52C00B413A9 /* Assets.xcassets */; };
		569872BF28BDF52C00B413A9 /* Preview Assets.xcassets in Resources */ = {isa = PBXBuildFile; fileRef = 569872BE28BDF52C00B413A9 /* Preview Assets.xcassets */; };
		569872CA28BDF52D00B413A9 /* MSOffice_DiscordRPCTests.swift in Sources */ = {isa = PBXBuildFile; fileRef = 569872C928BDF52D00B413A9 /* MSOffice_DiscordRPCTests.swift */; };
		569872D428BDF52D00B413A9 /* MSOffice_DiscordRPCUITests.swift in Sources */ = {isa = PBXBuildFile; fileRef = 569872D328BDF52D00B413A9 /* MSOffice_DiscordRPCUITests.swift */; };
		569872D628BDF52D00B413A9 /* MSOffice_DiscordRPCUITestsLaunchTests.swift in Sources */ = {isa = PBXBuildFile; fileRef = 569872D528BDF52D00B413A9 /* MSOffice_DiscordRPCUITestsLaunchTests.swift */; };
		569872E328BDF63100B413A9 /* DiscordRPC.swift in Sources */ = {isa = PBXBuildFile; fileRef = 569872E228BDF63100B413A9 /* DiscordRPC.swift */; };
		569872E628BDF7DE00B413A9 /* PythonKit in Frameworks */ = {isa = PBXBuildFile; productRef = 569872E528BDF7DE00B413A9 /* PythonKit */; };
		569872E828BDF85000B413A9 /* ApplicationDetect.py in Resources */ = {isa = PBXBuildFile; fileRef = 569872E728BDF85000B413A9 /* ApplicationDetect.py */; };
		7342B0AE7855D45E8230DE21 /* Pods_MSOffice_DiscordRPC.framework in Frameworks */ = {isa = PBXBuildFile; fileRef = 12E67F2229C350268CA65D4D /* Pods_MSOffice_DiscordRPC.framework */; };
/* End PBXBuildFile section */

/* Begin PBXContainerItemProxy section */
		569872C628BDF52D00B413A9 /* PBXContainerItemProxy */ = {
			isa = PBXContainerItemProxy;
			containerPortal = 569872AC28BDF52600B413A9 /* Project object */;
			proxyType = 1;
			remoteGlobalIDString = 569872B328BDF52700B413A9;
			remoteInfo = "MSOffice DiscordRPC";
		};
		569872D028BDF52D00B413A9 /* PBXContainerItemProxy */ = {
			isa = PBXContainerItemProxy;
			containerPortal = 569872AC28BDF52600B413A9 /* Project object */;
			proxyType = 1;
			remoteGlobalIDString = 569872B328BDF52700B413A9;
			remoteInfo = "MSOffice DiscordRPC";
		};
/* End PBXContainerItemProxy section */

/* Begin PBXFileReference section */
		12E67F2229C350268CA65D4D /* Pods_MSOffice_DiscordRPC.framework */ = {isa = PBXFileReference; explicitFileType = wrapper.framework; includeInIndex = 0; path = Pods_MSOffice_DiscordRPC.framework; sourceTree = BUILT_PRODUCTS_DIR; };
		1CA7BE66C28426E793DA38B6 /* Pods_MSOffice_DiscordRPC_MSOffice_DiscordRPCUITests.framework */ = {isa = PBXFileReference; explicitFileType = wrapper.framework; includeInIndex = 0; path = Pods_MSOffice_DiscordRPC_MSOffice_DiscordRPCUITests.framework; sourceTree = BUILT_PRODUCTS_DIR; };
		303219A4474F4E982F16C08B /* Pods-MSOffice DiscordRPCTests.debug.xcconfig */ = {isa = PBXFileReference; includeInIndex = 1; lastKnownFileType = text.xcconfig; name = "Pods-MSOffice DiscordRPCTests.debug.xcconfig"; path = "Target Support Files/Pods-MSOffice DiscordRPCTests/Pods-MSOffice DiscordRPCTests.debug.xcconfig"; sourceTree = "<group>"; };
		569872B428BDF52700B413A9 /* MSOffice DiscordRPC.app */ = {isa = PBXFileReference; explicitFileType = wrapper.application; includeInIndex = 0; path = "MSOffice DiscordRPC.app"; sourceTree = BUILT_PRODUCTS_DIR; };
		569872B728BDF52700B413A9 /* MSOffice_DiscordRPCApp.swift */ = {isa = PBXFileReference; lastKnownFileType = sourcecode.swift; path = MSOffice_DiscordRPCApp.swift; sourceTree = "<group>"; };
		569872B928BDF52700B413A9 /* ContentView.swift */ = {isa = PBXFileReference; lastKnownFileType = sourcecode.swift; path = ContentView.swift; sourceTree = "<group>"; };
		569872BB28BDF52C00B413A9 /* Assets.xcassets */ = {isa = PBXFileReference; lastKnownFileType = folder.assetcatalog; path = Assets.xcassets; sourceTree = "<group>"; };
		569872BE28BDF52C00B413A9 /* Preview Assets.xcassets */ = {isa = PBXFileReference; lastKnownFileType = folder.assetcatalog; path = "Preview Assets.xcassets"; sourceTree = "<group>"; };
		569872C028BDF52C00B413A9 /* MSOffice_DiscordRPC.entitlements */ = {isa = PBXFileReference; lastKnownFileType = text.plist.entitlements; path = MSOffice_DiscordRPC.entitlements; sourceTree = "<group>"; };
		569872C528BDF52D00B413A9 /* MSOffice DiscordRPCTests.xctest */ = {isa = PBXFileReference; explicitFileType = wrapper.cfbundle; includeInIndex = 0; path = "MSOffice DiscordRPCTests.xctest"; sourceTree = BUILT_PRODUCTS_DIR; };
		569872C928BDF52D00B413A9 /* MSOffice_DiscordRPCTests.swift */ = {isa = PBXFileReference; lastKnownFileType = sourcecode.swift; path = MSOffice_DiscordRPCTests.swift; sourceTree = "<group>"; };
		569872CF28BDF52D00B413A9 /* MSOffice DiscordRPCUITests.xctest */ = {isa = PBXFileReference; explicitFileType = wrapper.cfbundle; includeInIndex = 0; path = "MSOffice DiscordRPCUITests.xctest"; sourceTree = BUILT_PRODUCTS_DIR; };
		569872D328BDF52D00B413A9 /* MSOffice_DiscordRPCUITests.swift */ = {isa = PBXFileReference; lastKnownFileType = sourcecode.swift; path = MSOffice_DiscordRPCUITests.swift; sourceTree = "<group>"; };
		569872D528BDF52D00B413A9 /* MSOffice_DiscordRPCUITestsLaunchTests.swift */ = {isa = PBXFileReference; lastKnownFileType = sourcecode.swift; path = MSOffice_DiscordRPCUITestsLaunchTests.swift; sourceTree = "<group>"; };
		569872E228BDF63100B413A9 /* DiscordRPC.swift */ = {isa = PBXFileReference; lastKnownFileType = sourcecode.swift; path = DiscordRPC.swift; sourceTree = "<group>"; };
		569872E728BDF85000B413A9 /* ApplicationDetect.py */ = {isa = PBXFileReference; lastKnownFileType = text.script.python; path = ApplicationDetect.py; sourceTree = "<group>"; };
		6D250F4E0B0FF0CDDEED0DCE /* Pods_MSOffice_DiscordRPCTests.framework */ = {isa = PBXFileReference; explicitFileType = wrapper.framework; includeInIndex = 0; path = Pods_MSOffice_DiscordRPCTests.framework; sourceTree = BUILT_PRODUCTS_DIR; };
		73AB3DAF871959A04A0C2183 /* Pods-MSOffice DiscordRPC-MSOffice DiscordRPCUITests.debug.xcconfig */ = {isa = PBXFileReference; includeInIndex = 1; lastKnownFileType = text.xcconfig; name = "Pods-MSOffice DiscordRPC-MSOffice DiscordRPCUITests.debug.xcconfig"; path = "Target Support Files/Pods-MSOffice DiscordRPC-MSOffice DiscordRPCUITests/Pods-MSOffice DiscordRPC-MSOffice DiscordRPCUITests.debug.xcconfig"; sourceTree = "<group>"; };
		9D14C63FF422CCEB01CA51E0 /* Pods-MSOffice DiscordRPC.debug.xcconfig */ = {isa = PBXFileReference; includeInIndex = 1; lastKnownFileType = text.xcconfig; name = "Pods-MSOffice DiscordRPC.debug.xcconfig"; path = "Target Support Files/Pods-MSOffice DiscordRPC/Pods-MSOffice DiscordRPC.debug.xcconfig"; sourceTree = "<group>"; };
		D16383B4DAB7F8449CC0868A /* Pods-MSOffice DiscordRPCTests.release.xcconfig */ = {isa = PBXFileReference; includeInIndex = 1; lastKnownFileType = text.xcconfig; name = "Pods-MSOffice DiscordRPCTests.release.xcconfig"; path = "Target Support Files/Pods-MSOffice DiscordRPCTests/Pods-MSOffice DiscordRPCTests.release.xcconfig"; sourceTree = "<group>"; };
		F1A1F4D61D1D8C606E3A21CB /* Pods-MSOffice DiscordRPC-MSOffice DiscordRPCUITests.release.xcconfig */ = {isa = PBXFileReference; includeInIndex = 1; lastKnownFileType = text.xcconfig; name = "Pods-MSOffice DiscordRPC-MSOffice DiscordRPCUITests.release.xcconfig"; path = "Target Support Files/Pods-MSOffice DiscordRPC-MSOffice DiscordRPCUITests/Pods-MSOffice DiscordRPC-MSOffice DiscordRPCUITests.release.xcconfig"; sourceTree = "<group>"; };
		F93F0D5B276258E663E2E003 /* Pods-MSOffice DiscordRPC.release.xcconfig */ = {isa = PBXFileReference; includeInIndex = 1; lastKnownFileType = text.xcconfig; name = "Pods-MSOffice DiscordRPC.release.xcconfig"; path = "Target Support Files/Pods-MSOffice DiscordRPC/Pods-MSOffice DiscordRPC.release.xcconfig"; sourceTree = "<group>"; };
/* End PBXFileReference section */

/* Begin PBXFrameworksBuildPhase section */
		569872B128BDF52700B413A9 /* Frameworks */ = {
			isa = PBXFrameworksBuildPhase;
			buildActionMask = 2147483647;
			files = (
				7342B0AE7855D45E8230DE21 /* Pods_MSOffice_DiscordRPC.framework in Frameworks */,
				569872E628BDF7DE00B413A9 /* PythonKit in Frameworks */,
			);
			runOnlyForDeploymentPostprocessing = 0;
		};
		569872C228BDF52D00B413A9 /* Frameworks */ = {
			isa = PBXFrameworksBuildPhase;
			buildActionMask = 2147483647;
			files = (
				3ED2CD445E526C6709ECEED7 /* Pods_MSOffice_DiscordRPCTests.framework in Frameworks */,
			);
			runOnlyForDeploymentPostprocessing = 0;
		};
		569872CC28BDF52D00B413A9 /* Frameworks */ = {
			isa = PBXFrameworksBuildPhase;
			buildActionMask = 2147483647;
			files = (
				4166761616C0CE12E3E19890 /* Pods_MSOffice_DiscordRPC_MSOffice_DiscordRPCUITests.framework in Frameworks */,
			);
			runOnlyForDeploymentPostprocessing = 0;
		};
/* End PBXFrameworksBuildPhase section */

/* Begin PBXGroup section */
		1ABA1DC350EA6FDC3430BF1A /* Frameworks */ = {
			isa = PBXGroup;
			children = (
				12E67F2229C350268CA65D4D /* Pods_MSOffice_DiscordRPC.framework */,
				1CA7BE66C28426E793DA38B6 /* Pods_MSOffice_DiscordRPC_MSOffice_DiscordRPCUITests.framework */,
				6D250F4E0B0FF0CDDEED0DCE /* Pods_MSOffice_DiscordRPCTests.framework */,
			);
			name = Frameworks;
			sourceTree = "<group>";
		};
		569872AB28BDF52600B413A9 = {
			isa = PBXGroup;
			children = (
				569872B628BDF52700B413A9 /* MSOffice DiscordRPC */,
				569872C828BDF52D00B413A9 /* MSOffice DiscordRPCTests */,
				569872D228BDF52D00B413A9 /* MSOffice DiscordRPCUITests */,
				569872B528BDF52700B413A9 /* Products */,
				C7A15AC8A80195455B4B5D1A /* Pods */,
				1ABA1DC350EA6FDC3430BF1A /* Frameworks */,
			);
			sourceTree = "<group>";
		};
		569872B528BDF52700B413A9 /* Products */ = {
			isa = PBXGroup;
			children = (
				569872B428BDF52700B413A9 /* MSOffice DiscordRPC.app */,
				569872C528BDF52D00B413A9 /* MSOffice DiscordRPCTests.xctest */,
				569872CF28BDF52D00B413A9 /* MSOffice DiscordRPCUITests.xctest */,
			);
			name = Products;
			sourceTree = "<group>";
		};
		569872B628BDF52700B413A9 /* MSOffice DiscordRPC */ = {
			isa = PBXGroup;
			children = (
				569872B728BDF52700B413A9 /* MSOffice_DiscordRPCApp.swift */,
				569872B928BDF52700B413A9 /* ContentView.swift */,
				569872E228BDF63100B413A9 /* DiscordRPC.swift */,
				569872E728BDF85000B413A9 /* ApplicationDetect.py */,
				569872BB28BDF52C00B413A9 /* Assets.xcassets */,
				569872C028BDF52C00B413A9 /* MSOffice_DiscordRPC.entitlements */,
				569872BD28BDF52C00B413A9 /* Preview Content */,
			);
			path = "MSOffice DiscordRPC";
			sourceTree = "<group>";
		};
		569872BD28BDF52C00B413A9 /* Preview Content */ = {
			isa = PBXGroup;
			children = (
				569872BE28BDF52C00B413A9 /* Preview Assets.xcassets */,
			);
			path = "Preview Content";
			sourceTree = "<group>";
		};
		569872C828BDF52D00B413A9 /* MSOffice DiscordRPCTests */ = {
			isa = PBXGroup;
			children = (
				569872C928BDF52D00B413A9 /* MSOffice_DiscordRPCTests.swift */,
			);
			path = "MSOffice DiscordRPCTests";
			sourceTree = "<group>";
		};
		569872D228BDF52D00B413A9 /* MSOffice DiscordRPCUITests */ = {
			isa = PBXGroup;
			children = (
				569872D328BDF52D00B413A9 /* MSOffice_DiscordRPCUITests.swift */,
				569872D528BDF52D00B413A9 /* MSOffice_DiscordRPCUITestsLaunchTests.swift */,
			);
			path = "MSOffice DiscordRPCUITests";
			sourceTree = "<group>";
		};
		C7A15AC8A80195455B4B5D1A /* Pods */ = {
			isa = PBXGroup;
			children = (
				9D14C63FF422CCEB01CA51E0 /* Pods-MSOffice DiscordRPC.debug.xcconfig */,
				F93F0D5B276258E663E2E003 /* Pods-MSOffice DiscordRPC.release.xcconfig */,
				73AB3DAF871959A04A0C2183 /* Pods-MSOffice DiscordRPC-MSOffice DiscordRPCUITests.debug.xcconfig */,
				F1A1F4D61D1D8C606E3A21CB /* Pods-MSOffice DiscordRPC-MSOffice DiscordRPCUITests.release.xcconfig */,
				303219A4474F4E982F16C08B /* Pods-MSOffice DiscordRPCTests.debug.xcconfig */,
				D16383B4DAB7F8449CC0868A /* Pods-MSOffice DiscordRPCTests.release.xcconfig */,
			);
			path = Pods;
			sourceTree = "<group>";
		};
/* End PBXGroup section */

/* Begin PBXNativeTarget section */
		569872B328BDF52700B413A9 /* MSOffice DiscordRPC */ = {
			isa = PBXNativeTarget;
			buildConfigurationList = 569872D928BDF52D00B413A9 /* Build configuration list for PBXNativeTarget "MSOffice DiscordRPC" */;
			buildPhases = (
				19BEF759849FCA595B934B86 /* [CP] Check Pods Manifest.lock */,
				569872B028BDF52700B413A9 /* Sources */,
				569872B128BDF52700B413A9 /* Frameworks */,
				569872B228BDF52700B413A9 /* Resources */,
				080A3B5AD92DDE1CBE2A438D /* [CP] Embed Pods Frameworks */,
			);
			buildRules = (
			);
			dependencies = (
			);
			name = "MSOffice DiscordRPC";
			packageProductDependencies = (
				569872E528BDF7DE00B413A9 /* PythonKit */,
			);
			productName = "MSOffice DiscordRPC";
			productReference = 569872B428BDF52700B413A9 /* MSOffice DiscordRPC.app */;
			productType = "com.apple.product-type.application";
		};
		569872C428BDF52D00B413A9 /* MSOffice DiscordRPCTests */ = {
			isa = PBXNativeTarget;
			buildConfigurationList = 569872DC28BDF52D00B413A9 /* Build configuration list for PBXNativeTarget "MSOffice DiscordRPCTests" */;
			buildPhases = (
				E5FCD472C47E71FD99442C42 /* [CP] Check Pods Manifest.lock */,
				569872C128BDF52D00B413A9 /* Sources */,
				569872C228BDF52D00B413A9 /* Frameworks */,
				569872C328BDF52D00B413A9 /* Resources */,
			);
			buildRules = (
			);
			dependencies = (
				569872C728BDF52D00B413A9 /* PBXTargetDependency */,
			);
			name = "MSOffice DiscordRPCTests";
			productName = "MSOffice DiscordRPCTests";
			productReference = 569872C528BDF52D00B413A9 /* MSOffice DiscordRPCTests.xctest */;
			productType = "com.apple.product-type.bundle.unit-test";
		};
		569872CE28BDF52D00B413A9 /* MSOffice DiscordRPCUITests */ = {
			isa = PBXNativeTarget;
			buildConfigurationList = 569872DF28BDF52D00B413A9 /* Build configuration list for PBXNativeTarget "MSOffice DiscordRPCUITests" */;
			buildPhases = (
				E1AF0DD358292B9DA47FDCDF /* [CP] Check Pods Manifest.lock */,
				569872CB28BDF52D00B413A9 /* Sources */,
				569872CC28BDF52D00B413A9 /* Frameworks */,
				569872CD28BDF52D00B413A9 /* Resources */,
				0C121A75406FED0A3C1F517E /* [CP] Embed Pods Frameworks */,
			);
			buildRules = (
			);
			dependencies = (
				569872D128BDF52D00B413A9 /* PBXTargetDependency */,
			);
			name = "MSOffice DiscordRPCUITests";
			productName = "MSOffice DiscordRPCUITests";
			productReference = 569872CF28BDF52D00B413A9 /* MSOffice DiscordRPCUITests.xctest */;
			productType = "com.apple.product-type.bundle.ui-testing";
		};
/* End PBXNativeTarget section */

/* Begin PBXProject section */
		569872AC28BDF52600B413A9 /* Project object */ = {
			isa = PBXProject;
			attributes = {
				BuildIndependentTargetsInParallel = 1;
				LastSwiftUpdateCheck = 1400;
				LastUpgradeCheck = 1400;
				TargetAttributes = {
					569872B328BDF52700B413A9 = {
						CreatedOnToolsVersion = 14.0;
					};
					569872C428BDF52D00B413A9 = {
						CreatedOnToolsVersion = 14.0;
						TestTargetID = 569872B328BDF52700B413A9;
					};
					569872CE28BDF52D00B413A9 = {
						CreatedOnToolsVersion = 14.0;
						TestTargetID = 569872B328BDF52700B413A9;
					};
				};
			};
			buildConfigurationList = 569872AF28BDF52600B413A9 /* Build configuration list for PBXProject "MSOffice DiscordRPC" */;
			compatibilityVersion = "Xcode 14.0";
			developmentRegion = en;
			hasScannedForEncodings = 0;
			knownRegions = (
				en,
				Base,
			);
			mainGroup = 569872AB28BDF52600B413A9;
			packageReferences = (
				569872E428BDF7DE00B413A9 /* XCRemoteSwiftPackageReference "PythonKit.git" */,
			);
			productRefGroup = 569872B528BDF52700B413A9 /* Products */;
			projectDirPath = "";
			projectRoot = "";
			targets = (
				569872B328BDF52700B413A9 /* MSOffice DiscordRPC */,
				569872C428BDF52D00B413A9 /* MSOffice DiscordRPCTests */,
				569872CE28BDF52D00B413A9 /* MSOffice DiscordRPCUITests */,
			);
		};
/* End PBXProject section */

/* Begin PBXResourcesBuildPhase section */
		569872B228BDF52700B413A9 /* Resources */ = {
			isa = PBXResourcesBuildPhase;
			buildActionMask = 2147483647;
			files = (
				569872E828BDF85000B413A9 /* ApplicationDetect.py in Resources */,
				569872BF28BDF52C00B413A9 /* Preview Assets.xcassets in Resources */,
				569872BC28BDF52C00B413A9 /* Assets.xcassets in Resources */,
			);
			runOnlyForDeploymentPostprocessing = 0;
		};
		569872C328BDF52D00B413A9 /* Resources */ = {
			isa = PBXResourcesBuildPhase;
			buildActionMask = 2147483647;
			files = (
			);
			runOnlyForDeploymentPostprocessing = 0;
		};
		569872CD28BDF52D00B413A9 /* Resources */ = {
			isa = PBXResourcesBuildPhase;
			buildActionMask = 2147483647;
			files = (
			);
			runOnlyForDeploymentPostprocessing = 0;
		};
/* End PBXResourcesBuildPhase section */

/* Begin PBXShellScriptBuildPhase section */
		080A3B5AD92DDE1CBE2A438D /* [CP] Embed Pods Frameworks */ = {
			isa = PBXShellScriptBuildPhase;
			buildActionMask = 2147483647;
			files = (
			);
			inputFileListPaths = (
				"${PODS_ROOT}/Target Support Files/Pods-MSOffice DiscordRPC/Pods-MSOffice DiscordRPC-frameworks-${CONFIGURATION}-input-files.xcfilelist",
			);
			name = "[CP] Embed Pods Frameworks";
			outputFileListPaths = (
				"${PODS_ROOT}/Target Support Files/Pods-MSOffice DiscordRPC/Pods-MSOffice DiscordRPC-frameworks-${CONFIGURATION}-output-files.xcfilelist",
			);
			runOnlyForDeploymentPostprocessing = 0;
			shellPath = /bin/sh;
			shellScript = "\"${PODS_ROOT}/Target Support Files/Pods-MSOffice DiscordRPC/Pods-MSOffice DiscordRPC-frameworks.sh\"\n";
			showEnvVarsInLog = 0;
		};
		0C121A75406FED0A3C1F517E /* [CP] Embed Pods Frameworks */ = {
			isa = PBXShellScriptBuildPhase;
			buildActionMask = 2147483647;
			files = (
			);
			inputFileListPaths = (
				"${PODS_ROOT}/Target Support Files/Pods-MSOffice DiscordRPC-MSOffice DiscordRPCUITests/Pods-MSOffice DiscordRPC-MSOffice DiscordRPCUITests-frameworks-${CONFIGURATION}-input-files.xcfilelist",
			);
			name = "[CP] Embed Pods Frameworks";
			outputFileListPaths = (
				"${PODS_ROOT}/Target Support Files/Pods-MSOffice DiscordRPC-MSOffice DiscordRPCUITests/Pods-MSOffice DiscordRPC-MSOffice DiscordRPCUITests-frameworks-${CONFIGURATION}-output-files.xcfilelist",
			);
			runOnlyForDeploymentPostprocessing = 0;
			shellPath = /bin/sh;
			shellScript = "\"${PODS_ROOT}/Target Support Files/Pods-MSOffice DiscordRPC-MSOffice DiscordRPCUITests/Pods-MSOffice DiscordRPC-MSOffice DiscordRPCUITests-frameworks.sh\"\n";
			showEnvVarsInLog = 0;
		};
		19BEF759849FCA595B934B86 /* [CP] Check Pods Manifest.lock */ = {
			isa = PBXShellScriptBuildPhase;
			buildActionMask = 2147483647;
			files = (
			);
			inputFileListPaths = (
			);
			inputPaths = (
				"${PODS_PODFILE_DIR_PATH}/Podfile.lock",
				"${PODS_ROOT}/Manifest.lock",
			);
			name = "[CP] Check Pods Manifest.lock";
			outputFileListPaths = (
			);
			outputPaths = (
				"$(DERIVED_FILE_DIR)/Pods-MSOffice DiscordRPC-checkManifestLockResult.txt",
			);
			runOnlyForDeploymentPostprocessing = 0;
			shellPath = /bin/sh;
			shellScript = "diff \"${PODS_PODFILE_DIR_PATH}/Podfile.lock\" \"${PODS_ROOT}/Manifest.lock\" > /dev/null\nif [ $? != 0 ] ; then\n    # print error to STDERR\n    echo \"error: The sandbox is not in sync with the Podfile.lock. Run 'pod install' or update your CocoaPods installation.\" >&2\n    exit 1\nfi\n# This output is used by Xcode 'outputs' to avoid re-running this script phase.\necho \"SUCCESS\" > \"${SCRIPT_OUTPUT_FILE_0}\"\n";
			showEnvVarsInLog = 0;
		};
		E1AF0DD358292B9DA47FDCDF /* [CP] Check Pods Manifest.lock */ = {
			isa = PBXShellScriptBuildPhase;
			buildActionMask = 2147483647;
			files = (
			);
			inputFileListPaths = (
			);
			inputPaths = (
				"${PODS_PODFILE_DIR_PATH}/Podfile.lock",
				"${PODS_ROOT}/Manifest.lock",
			);
			name = "[CP] Check Pods Manifest.lock";
			outputFileListPaths = (
			);
			outputPaths = (
				"$(DERIVED_FILE_DIR)/Pods-MSOffice DiscordRPC-MSOffice DiscordRPCUITests-checkManifestLockResult.txt",
			);
			runOnlyForDeploymentPostprocessing = 0;
			shellPath = /bin/sh;
			shellScript = "diff \"${PODS_PODFILE_DIR_PATH}/Podfile.lock\" \"${PODS_ROOT}/Manifest.lock\" > /dev/null\nif [ $? != 0 ] ; then\n    # print error to STDERR\n    echo \"error: The sandbox is not in sync with the Podfile.lock. Run 'pod install' or update your CocoaPods installation.\" >&2\n    exit 1\nfi\n# This output is used by Xcode 'outputs' to avoid re-running this script phase.\necho \"SUCCESS\" > \"${SCRIPT_OUTPUT_FILE_0}\"\n";
			showEnvVarsInLog = 0;
		};
		E5FCD472C47E71FD99442C42 /* [CP] Check Pods Manifest.lock */ = {
			isa = PBXShellScriptBuildPhase;
			buildActionMask = 2147483647;
			files = (
			);
			inputFileListPaths = (
			);
			inputPaths = (
				"${PODS_PODFILE_DIR_PATH}/Podfile.lock",
				"${PODS_ROOT}/Manifest.lock",
			);
			name = "[CP] Check Pods Manifest.lock";
			outputFileListPaths = (
			);
			outputPaths = (
				"$(DERIVED_FILE_DIR)/Pods-MSOffice DiscordRPCTests-checkManifestLockResult.txt",
			);
			runOnlyForDeploymentPostprocessing = 0;
			shellPath = /bin/sh;
			shellScript = "diff \"${PODS_PODFILE_DIR_PATH}/Podfile.lock\" \"${PODS_ROOT}/Manifest.lock\" > /dev/null\nif [ $? != 0 ] ; then\n    # print error to STDERR\n    echo \"error: The sandbox is not in sync with the Podfile.lock. Run 'pod install' or update your CocoaPods installation.\" >&2\n    exit 1\nfi\n# This output is used by Xcode 'outputs' to avoid re-running this script phase.\necho \"SUCCESS\" > \"${SCRIPT_OUTPUT_FILE_0}\"\n";
			showEnvVarsInLog = 0;
		};
/* End PBXShellScriptBuildPhase section */

/* Begin PBXSourcesBuildPhase section */
		569872B028BDF52700B413A9 /* Sources */ = {
			isa = PBXSourcesBuildPhase;
			buildActionMask = 2147483647;
			files = (
				569872BA28BDF52700B413A9 /* ContentView.swift in Sources */,
				569872E328BDF63100B413A9 /* DiscordRPC.swift in Sources */,
				569872B828BDF52700B413A9 /* MSOffice_DiscordRPCApp.swift in Sources */,
			);
			runOnlyForDeploymentPostprocessing = 0;
		};
		569872C128BDF52D00B413A9 /* Sources */ = {
			isa = PBXSourcesBuildPhase;
			buildActionMask = 2147483647;
			files = (
				569872CA28BDF52D00B413A9 /* MSOffice_DiscordRPCTests.swift in Sources */,
			);
			runOnlyForDeploymentPostprocessing = 0;
		};
		569872CB28BDF52D00B413A9 /* Sources */ = {
			isa = PBXSourcesBuildPhase;
			buildActionMask = 2147483647;
			files = (
				569872D428BDF52D00B413A9 /* MSOffice_DiscordRPCUITests.swift in Sources */,
				569872D628BDF52D00B413A9 /* MSOffice_DiscordRPCUITestsLaunchTests.swift in Sources */,
			);
			runOnlyForDeploymentPostprocessing = 0;
		};
/* End PBXSourcesBuildPhase section */

/* Begin PBXTargetDependency section */
		569872C728BDF52D00B413A9 /* PBXTargetDependency */ = {
			isa = PBXTargetDependency;
			target = 569872B328BDF52700B413A9 /* MSOffice DiscordRPC */;
			targetProxy = 569872C628BDF52D00B413A9 /* PBXContainerItemProxy */;
		};
		569872D128BDF52D00B413A9 /* PBXTargetDependency */ = {
			isa = PBXTargetDependency;
			target = 569872B328BDF52700B413A9 /* MSOffice DiscordRPC */;
			targetProxy = 569872D028BDF52D00B413A9 /* PBXContainerItemProxy */;
		};
/* End PBXTargetDependency section */

/* Begin XCBuildConfiguration section */
		569872D728BDF52D00B413A9 /* Debug */ = {
			isa = XCBuildConfiguration;
			buildSettings = {
				ALWAYS_SEARCH_USER_PATHS = NO;
				CLANG_ANALYZER_NONNULL = YES;
				CLANG_ANALYZER_NUMBER_OBJECT_CONVERSION = YES_AGGRESSIVE;
				CLANG_CXX_LANGUAGE_STANDARD = "gnu++20";
				CLANG_ENABLE_MODULES = YES;
				CLANG_ENABLE_OBJC_ARC = YES;
				CLANG_ENABLE_OBJC_WEAK = YES;
				CLANG_WARN_BLOCK_CAPTURE_AUTORELEASING = YES;
				CLANG_WARN_BOOL_CONVERSION = YES;
				CLANG_WARN_COMMA = YES;
				CLANG_WARN_CONSTANT_CONVERSION = YES;
				CLANG_WARN_DEPRECATED_OBJC_IMPLEMENTATIONS = YES;
				CLANG_WARN_DIRECT_OBJC_ISA_USAGE = YES_ERROR;
				CLANG_WARN_DOCUMENTATION_COMMENTS = YES;
				CLANG_WARN_EMPTY_BODY = YES;
				CLANG_WARN_ENUM_CONVERSION = YES;
				CLANG_WARN_INFINITE_RECURSION = YES;
				CLANG_WARN_INT_CONVERSION = YES;
				CLANG_WARN_NON_LITERAL_NULL_CONVERSION = YES;
				CLANG_WARN_OBJC_IMPLICIT_RETAIN_SELF = YES;
				CLANG_WARN_OBJC_LITERAL_CONVERSION = YES;
				CLANG_WARN_OBJC_ROOT_CLASS = YES_ERROR;
				CLANG_WARN_QUOTED_INCLUDE_IN_FRAMEWORK_HEADER = YES;
				CLANG_WARN_RANGE_LOOP_ANALYSIS = YES;
				CLANG_WARN_STRICT_PROTOTYPES = YES;
				CLANG_WARN_SUSPICIOUS_MOVE = YES;
				CLANG_WARN_UNGUARDED_AVAILABILITY = YES_AGGRESSIVE;
				CLANG_WARN_UNREACHABLE_CODE = YES;
				CLANG_WARN__DUPLICATE_METHOD_MATCH = YES;
				COPY_PHASE_STRIP = NO;
				DEBUG_INFORMATION_FORMAT = dwarf;
				ENABLE_STRICT_OBJC_MSGSEND = YES;
				ENABLE_TESTABILITY = YES;
				GCC_C_LANGUAGE_STANDARD = gnu11;
				GCC_DYNAMIC_NO_PIC = NO;
				GCC_NO_COMMON_BLOCKS = YES;
				GCC_OPTIMIZATION_LEVEL = 0;
				GCC_PREPROCESSOR_DEFINITIONS = (
					"DEBUG=1",
					"$(inherited)",
				);
				GCC_WARN_64_TO_32_BIT_CONVERSION = YES;
				GCC_WARN_ABOUT_RETURN_TYPE = YES_ERROR;
				GCC_WARN_UNDECLARED_SELECTOR = YES;
				GCC_WARN_UNINITIALIZED_AUTOS = YES_AGGRESSIVE;
				GCC_WARN_UNUSED_FUNCTION = YES;
				GCC_WARN_UNUSED_VARIABLE = YES;
				MACOSX_DEPLOYMENT_TARGET = 13.0;
				MTL_ENABLE_DEBUG_INFO = INCLUDE_SOURCE;
				MTL_FAST_MATH = YES;
				ONLY_ACTIVE_ARCH = YES;
				SDKROOT = macosx;
				SWIFT_ACTIVE_COMPILATION_CONDITIONS = DEBUG;
				SWIFT_OPTIMIZATION_LEVEL = "-Onone";
			};
			name = Debug;
		};
		569872D828BDF52D00B413A9 /* Release */ = {
			isa = XCBuildConfiguration;
			buildSettings = {
				ALWAYS_SEARCH_USER_PATHS = NO;
				CLANG_ANALYZER_NONNULL = YES;
				CLANG_ANALYZER_NUMBER_OBJECT_CONVERSION = YES_AGGRESSIVE;
				CLANG_CXX_LANGUAGE_STANDARD = "gnu++20";
				CLANG_ENABLE_MODULES = YES;
				CLANG_ENABLE_OBJC_ARC = YES;
				CLANG_ENABLE_OBJC_WEAK = YES;
				CLANG_WARN_BLOCK_CAPTURE_AUTORELEASING = YES;
				CLANG_WARN_BOOL_CONVERSION = YES;
				CLANG_WARN_COMMA = YES;
				CLANG_WARN_CONSTANT_CONVERSION = YES;
				CLANG_WARN_DEPRECATED_OBJC_IMPLEMENTATIONS = YES;
				CLANG_WARN_DIRECT_OBJC_ISA_USAGE = YES_ERROR;
				CLANG_WARN_DOCUMENTATION_COMMENTS = YES;
				CLANG_WARN_EMPTY_BODY = YES;
				CLANG_WARN_ENUM_CONVERSION = YES;
				CLANG_WARN_INFINITE_RECURSION = YES;
				CLANG_WARN_INT_CONVERSION = YES;
				CLANG_WARN_NON_LITERAL_NULL_CONVERSION = YES;
				CLANG_WARN_OBJC_IMPLICIT_RETAIN_SELF = YES;
				CLANG_WARN_OBJC_LITERAL_CONVERSION = YES;
				CLANG_WARN_OBJC_ROOT_CLASS = YES_ERROR;
				CLANG_WARN_QUOTED_INCLUDE_IN_FRAMEWORK_HEADER = YES;
				CLANG_WARN_RANGE_LOOP_ANALYSIS = YES;
				CLANG_WARN_STRICT_PROTOTYPES = YES;
				CLANG_WARN_SUSPICIOUS_MOVE = YES;
				CLANG_WARN_UNGUARDED_AVAILABILITY = YES_AGGRESSIVE;
				CLANG_WARN_UNREACHABLE_CODE = YES;
				CLANG_WARN__DUPLICATE_METHOD_MATCH = YES;
				COPY_PHASE_STRIP = NO;
				DEBUG_INFORMATION_FORMAT = "dwarf-with-dsym";
				ENABLE_NS_ASSERTIONS = NO;
				ENABLE_STRICT_OBJC_MSGSEND = YES;
				GCC_C_LANGUAGE_STANDARD = gnu11;
				GCC_NO_COMMON_BLOCKS = YES;
				GCC_WARN_64_TO_32_BIT_CONVERSION = YES;
				GCC_WARN_ABOUT_RETURN_TYPE = YES_ERROR;
				GCC_WARN_UNDECLARED_SELECTOR = YES;
				GCC_WARN_UNINITIALIZED_AUTOS = YES_AGGRESSIVE;
				GCC_WARN_UNUSED_FUNCTION = YES;
				GCC_WARN_UNUSED_VARIABLE = YES;
				MACOSX_DEPLOYMENT_TARGET = 13.0;
				MTL_ENABLE_DEBUG_INFO = NO;
				MTL_FAST_MATH = YES;
				SDKROOT = macosx;
				SWIFT_COMPILATION_MODE = wholemodule;
				SWIFT_OPTIMIZATION_LEVEL = "-O";
			};
			name = Release;
		};
		569872DA28BDF52D00B413A9 /* Debug */ = {
			isa = XCBuildConfiguration;
			baseConfigurationReference = 9D14C63FF422CCEB01CA51E0 /* Pods-MSOffice DiscordRPC.debug.xcconfig */;
			buildSettings = {
				ASSETCATALOG_COMPILER_APPICON_NAME = AppIcon;
				ASSETCATALOG_COMPILER_GLOBAL_ACCENT_COLOR_NAME = AccentColor;
				CODE_SIGN_ENTITLEMENTS = "MSOffice DiscordRPC/MSOffice_DiscordRPC.entitlements";
				"CODE_SIGN_IDENTITY[sdk=macosx*]" = "-";
				CODE_SIGN_STYLE = Automatic;
				COMBINE_HIDPI_IMAGES = YES;
				CURRENT_PROJECT_VERSION = 1;
				DEVELOPMENT_ASSET_PATHS = "\"MSOffice DiscordRPC/Preview Content\"";
				DEVELOPMENT_TEAM = 34776YZ8KQ;
				ENABLE_HARDENED_RUNTIME = YES;
				ENABLE_PREVIEWS = YES;
				GENERATE_INFOPLIST_FILE = YES;
				INFOPLIST_KEY_NSHumanReadableCopyright = "";
				LD_RUNPATH_SEARCH_PATHS = (
					"$(inherited)",
					"@executable_path/../Frameworks",
				);
				MARKETING_VERSION = 1.0;
				PRODUCT_BUNDLE_IDENTIFIER = "Stxyl.MSOffice-DiscordRPC";
				PRODUCT_NAME = "$(TARGET_NAME)";
				SWIFT_EMIT_LOC_STRINGS = YES;
				SWIFT_VERSION = 5.0;
			};
			name = Debug;
		};
		569872DB28BDF52D00B413A9 /* Release */ = {
			isa = XCBuildConfiguration;
			baseConfigurationReference = F93F0D5B276258E663E2E003 /* Pods-MSOffice DiscordRPC.release.xcconfig */;
			buildSettings = {
				ASSETCATALOG_COMPILER_APPICON_NAME = AppIcon;
				ASSETCATALOG_COMPILER_GLOBAL_ACCENT_COLOR_NAME = AccentColor;
				CODE_SIGN_ENTITLEMENTS = "MSOffice DiscordRPC/MSOffice_DiscordRPC.entitlements";
				"CODE_SIGN_IDENTITY[sdk=macosx*]" = "-";
				CODE_SIGN_STYLE = Automatic;
				COMBINE_HIDPI_IMAGES = YES;
				CURRENT_PROJECT_VERSION = 1;
				DEVELOPMENT_ASSET_PATHS = "\"MSOffice DiscordRPC/Preview Content\"";
				DEVELOPMENT_TEAM = 34776YZ8KQ;
				ENABLE_HARDENED_RUNTIME = YES;
				ENABLE_PREVIEWS = YES;
				GENERATE_INFOPLIST_FILE = YES;
				INFOPLIST_KEY_NSHumanReadableCopyright = "";
				LD_RUNPATH_SEARCH_PATHS = (
					"$(inherited)",
					"@executable_path/../Frameworks",
				);
				MARKETING_VERSION = 1.0;
				PRODUCT_BUNDLE_IDENTIFIER = "Stxyl.MSOffice-DiscordRPC";
				PRODUCT_NAME = "$(TARGET_NAME)";
				SWIFT_EMIT_LOC_STRINGS = YES;
				SWIFT_VERSION = 5.0;
			};
			name = Release;
		};
		569872DD28BDF52D00B413A9 /* Debug */ = {
			isa = XCBuildConfiguration;
			baseConfigurationReference = 303219A4474F4E982F16C08B /* Pods-MSOffice DiscordRPCTests.debug.xcconfig */;
			buildSettings = {
				ALWAYS_EMBED_SWIFT_STANDARD_LIBRARIES = YES;
				BUNDLE_LOADER = "$(TEST_HOST)";
				CODE_SIGN_STYLE = Automatic;
				CURRENT_PROJECT_VERSION = 1;
				DEVELOPMENT_TEAM = 34776YZ8KQ;
				GENERATE_INFOPLIST_FILE = YES;
				MACOSX_DEPLOYMENT_TARGET = 13.0;
				MARKETING_VERSION = 1.0;
				PRODUCT_BUNDLE_IDENTIFIER = "Stxyl.MSOffice-DiscordRPCTests";
				PRODUCT_NAME = "$(TARGET_NAME)";
				SWIFT_EMIT_LOC_STRINGS = NO;
				SWIFT_VERSION = 5.0;
				TEST_HOST = "$(BUILT_PRODUCTS_DIR)/MSOffice DiscordRPC.app/$(BUNDLE_EXECUTABLE_FOLDER_PATH)/MSOffice DiscordRPC";
			};
			name = Debug;
		};
		569872DE28BDF52D00B413A9 /* Release */ = {
			isa = XCBuildConfiguration;
			baseConfigurationReference = D16383B4DAB7F8449CC0868A /* Pods-MSOffice DiscordRPCTests.release.xcconfig */;
			buildSettings = {
				ALWAYS_EMBED_SWIFT_STANDARD_LIBRARIES = YES;
				BUNDLE_LOADER = "$(TEST_HOST)";
				CODE_SIGN_STYLE = Automatic;
				CURRENT_PROJECT_VERSION = 1;
				DEVELOPMENT_TEAM = 34776YZ8KQ;
				GENERATE_INFOPLIST_FILE = YES;
				MACOSX_DEPLOYMENT_TARGET = 13.0;
				MARKETING_VERSION = 1.0;
				PRODUCT_BUNDLE_IDENTIFIER = "Stxyl.MSOffice-DiscordRPCTests";
				PRODUCT_NAME = "$(TARGET_NAME)";
				SWIFT_EMIT_LOC_STRINGS = NO;
				SWIFT_VERSION = 5.0;
				TEST_HOST = "$(BUILT_PRODUCTS_DIR)/MSOffice DiscordRPC.app/$(BUNDLE_EXECUTABLE_FOLDER_PATH)/MSOffice DiscordRPC";
			};
			name = Release;
		};
		569872E028BDF52D00B413A9 /* Debug */ = {
			isa = XCBuildConfiguration;
			baseConfigurationReference = 73AB3DAF871959A04A0C2183 /* Pods-MSOffice DiscordRPC-MSOffice DiscordRPCUITests.debug.xcconfig */;
			buildSettings = {
				ALWAYS_EMBED_SWIFT_STANDARD_LIBRARIES = YES;
				CODE_SIGN_STYLE = Automatic;
				CURRENT_PROJECT_VERSION = 1;
				DEVELOPMENT_TEAM = 34776YZ8KQ;
				GENERATE_INFOPLIST_FILE = YES;
				MARKETING_VERSION = 1.0;
				PRODUCT_BUNDLE_IDENTIFIER = "Stxyl.MSOffice-DiscordRPCUITests";
				PRODUCT_NAME = "$(TARGET_NAME)";
				SWIFT_EMIT_LOC_STRINGS = NO;
				SWIFT_VERSION = 5.0;
				TEST_TARGET_NAME = "MSOffice DiscordRPC";
			};
			name = Debug;
		};
		569872E128BDF52D00B413A9 /* Release */ = {
			isa = XCBuildConfiguration;
			baseConfigurationReference = F1A1F4D61D1D8C606E3A21CB /* Pods-MSOffice DiscordRPC-MSOffice DiscordRPCUITests.release.xcconfig */;
			buildSettings = {
				ALWAYS_EMBED_SWIFT_STANDARD_LIBRARIES = YES;
				CODE_SIGN_STYLE = Automatic;
				CURRENT_PROJECT_VERSION = 1;
				DEVELOPMENT_TEAM = 34776YZ8KQ;
				GENERATE_INFOPLIST_FILE = YES;
				MARKETING_VERSION = 1.0;
				PRODUCT_BUNDLE_IDENTIFIER = "Stxyl.MSOffice-DiscordRPCUITests";
				PRODUCT_NAME = "$(TARGET_NAME)";
				SWIFT_EMIT_LOC_STRINGS = NO;
				SWIFT_VERSION = 5.0;
				TEST_TARGET_NAME = "MSOffice DiscordRPC";
			};
			name = Release;
		};
/* End XCBuildConfiguration section */

/* Begin XCConfigurationList section */
		569872AF28BDF52600B413A9 /* Build configuration list for PBXProject "MSOffice DiscordRPC" */ = {
			isa = XCConfigurationList;
			buildConfigurations = (
				569872D728BDF52D00B413A9 /* Debug */,
				569872D828BDF52D00B413A9 /* Release */,
			);
			defaultConfigurationIsVisible = 0;
			defaultConfigurationName = Release;
		};
		569872D928BDF52D00B413A9 /* Build configuration list for PBXNativeTarget "MSOffice DiscordRPC" */ = {
			isa = XCConfigurationList;
			buildConfigurations = (
				569872DA28BDF52D00B413A9 /* Debug */,
				569872DB28BDF52D00B413A9 /* Release */,
			);
			defaultConfigurationIsVisible = 0;
			defaultConfigurationName = Release;
		};
		569872DC28BDF52D00B413A9 /* Build configuration list for PBXNativeTarget "MSOffice DiscordRPCTests" */ = {
			isa = XCConfigurationList;
			buildConfigurations = (
				569872DD28BDF52D00B413A9 /* Debug */,
				569872DE28BDF52D00B413A9 /* Release */,
			);
			defaultConfigurationIsVisible = 0;
			defaultConfigurationName = Release;
		};
		569872DF28BDF52D00B413A9 /* Build configuration list for PBXNativeTarget "MSOffice DiscordRPCUITests" */ = {
			isa = XCConfigurationList;
			buildConfigurations = (
				569872E028BDF52D00B413A9 /* Debug */,
				569872E128BDF52D00B413A9 /* Release */,
			);
			defaultConfigurationIsVisible = 0;
			defaultConfigurationName = Release;
		};
/* End XCConfigurationList section */

/* Begin XCRemoteSwiftPackageReference section */
		569872E428BDF7DE00B413A9 /* XCRemoteSwiftPackageReference "PythonKit.git" */ = {
			isa = XCRemoteSwiftPackageReference;
			repositoryURL = "https://github.com/pvieito/PythonKit.git";
			requirement = {
				branch = master;
				kind = branch;
			};
		};
/* End XCRemoteSwiftPackageReference section */

/* Begin XCSwiftPackageProductDependency section */
		569872E528BDF7DE00B413A9 /* PythonKit */ = {
			isa = XCSwiftPackageProductDependency;
			package = 569872E428BDF7DE00B413A9 /* XCRemoteSwiftPackageReference "PythonKit.git" */;
			productName = PythonKit;
		};
/* End XCSwiftPackageProductDependency section */
	};
	rootObject = 569872AC28BDF52600B413A9 /* Project object */;
}
