// !$*UTF8*$!
{
	archiveVersion = 1;
	classes = {
	};
	objectVersion = 56;
	objects = {

/* Begin PBXBuildFile section */
		56BFD18428C15B75007BBE57 /* MSOffice_RPCApp.swift in Sources */ = {isa = PBXBuildFile; fileRef = 56BFD18328C15B75007BBE57 /* MSOffice_RPCApp.swift */; };
		56BFD18628C15B75007BBE57 /* ContentView.swift in Sources */ = {isa = PBXBuildFile; fileRef = 56BFD18528C15B75007BBE57 /* ContentView.swift */; };
		56BFD18828C15B78007BBE57 /* Assets.xcassets in Resources */ = {isa = PBXBuildFile; fileRef = 56BFD18728C15B78007BBE57 /* Assets.xcassets */; };
		56BFD18B28C15B78007BBE57 /* Preview Assets.xcassets in Resources */ = {isa = PBXBuildFile; fileRef = 56BFD18A28C15B78007BBE57 /* Preview Assets.xcassets */; };
		56BFD19628C15B79007BBE57 /* MSOffice_RPCTests.swift in Sources */ = {isa = PBXBuildFile; fileRef = 56BFD19528C15B79007BBE57 /* MSOffice_RPCTests.swift */; };
		56BFD1A028C15B79007BBE57 /* MSOffice_RPCUITests.swift in Sources */ = {isa = PBXBuildFile; fileRef = 56BFD19F28C15B79007BBE57 /* MSOffice_RPCUITests.swift */; };
		56BFD1A228C15B79007BBE57 /* MSOffice_RPCUITestsLaunchTests.swift in Sources */ = {isa = PBXBuildFile; fileRef = 56BFD1A128C15B79007BBE57 /* MSOffice_RPCUITestsLaunchTests.swift */; };
		56BFD1AF28C15BC8007BBE57 /* Python Scripts in Resources */ = {isa = PBXBuildFile; fileRef = 56BFD1AE28C15BC8007BBE57 /* Python Scripts */; };
		56BFD1B228C15C1F007BBE57 /* PythonKit in Frameworks */ = {isa = PBXBuildFile; productRef = 56BFD1B128C15C1F007BBE57 /* PythonKit */; };
/* End PBXBuildFile section */

/* Begin PBXContainerItemProxy section */
		56BFD19228C15B79007BBE57 /* PBXContainerItemProxy */ = {
			isa = PBXContainerItemProxy;
			containerPortal = 56BFD17828C15B75007BBE57 /* Project object */;
			proxyType = 1;
			remoteGlobalIDString = 56BFD17F28C15B75007BBE57;
			remoteInfo = "MSOffice RPC";
		};
		56BFD19C28C15B79007BBE57 /* PBXContainerItemProxy */ = {
			isa = PBXContainerItemProxy;
			containerPortal = 56BFD17828C15B75007BBE57 /* Project object */;
			proxyType = 1;
			remoteGlobalIDString = 56BFD17F28C15B75007BBE57;
			remoteInfo = "MSOffice RPC";
		};
/* End PBXContainerItemProxy section */

/* Begin PBXFileReference section */
		56BFD18028C15B75007BBE57 /* MSOffice RPC.app */ = {isa = PBXFileReference; explicitFileType = wrapper.application; includeInIndex = 0; path = "MSOffice RPC.app"; sourceTree = BUILT_PRODUCTS_DIR; };
		56BFD18328C15B75007BBE57 /* MSOffice_RPCApp.swift */ = {isa = PBXFileReference; lastKnownFileType = sourcecode.swift; path = MSOffice_RPCApp.swift; sourceTree = "<group>"; };
		56BFD18528C15B75007BBE57 /* ContentView.swift */ = {isa = PBXFileReference; lastKnownFileType = sourcecode.swift; path = ContentView.swift; sourceTree = "<group>"; };
		56BFD18728C15B78007BBE57 /* Assets.xcassets */ = {isa = PBXFileReference; lastKnownFileType = folder.assetcatalog; path = Assets.xcassets; sourceTree = "<group>"; };
		56BFD18A28C15B78007BBE57 /* Preview Assets.xcassets */ = {isa = PBXFileReference; lastKnownFileType = folder.assetcatalog; path = "Preview Assets.xcassets"; sourceTree = "<group>"; };
		56BFD18C28C15B78007BBE57 /* MSOffice_RPC.entitlements */ = {isa = PBXFileReference; lastKnownFileType = text.plist.entitlements; path = MSOffice_RPC.entitlements; sourceTree = "<group>"; };
		56BFD19128C15B79007BBE57 /* MSOffice RPCTests.xctest */ = {isa = PBXFileReference; explicitFileType = wrapper.cfbundle; includeInIndex = 0; path = "MSOffice RPCTests.xctest"; sourceTree = BUILT_PRODUCTS_DIR; };
		56BFD19528C15B79007BBE57 /* MSOffice_RPCTests.swift */ = {isa = PBXFileReference; lastKnownFileType = sourcecode.swift; path = MSOffice_RPCTests.swift; sourceTree = "<group>"; };
		56BFD19B28C15B79007BBE57 /* MSOffice RPCUITests.xctest */ = {isa = PBXFileReference; explicitFileType = wrapper.cfbundle; includeInIndex = 0; path = "MSOffice RPCUITests.xctest"; sourceTree = BUILT_PRODUCTS_DIR; };
		56BFD19F28C15B79007BBE57 /* MSOffice_RPCUITests.swift */ = {isa = PBXFileReference; lastKnownFileType = sourcecode.swift; path = MSOffice_RPCUITests.swift; sourceTree = "<group>"; };
		56BFD1A128C15B79007BBE57 /* MSOffice_RPCUITestsLaunchTests.swift */ = {isa = PBXFileReference; lastKnownFileType = sourcecode.swift; path = MSOffice_RPCUITestsLaunchTests.swift; sourceTree = "<group>"; };
		56BFD1AE28C15BC8007BBE57 /* Python Scripts */ = {isa = PBXFileReference; lastKnownFileType = folder; path = "Python Scripts"; sourceTree = "<group>"; };
/* End PBXFileReference section */

/* Begin PBXFrameworksBuildPhase section */
		56BFD17D28C15B75007BBE57 /* Frameworks */ = {
			isa = PBXFrameworksBuildPhase;
			buildActionMask = 2147483647;
			files = (
				56BFD1B228C15C1F007BBE57 /* PythonKit in Frameworks */,
			);
			runOnlyForDeploymentPostprocessing = 0;
		};
		56BFD18E28C15B79007BBE57 /* Frameworks */ = {
			isa = PBXFrameworksBuildPhase;
			buildActionMask = 2147483647;
			files = (
			);
			runOnlyForDeploymentPostprocessing = 0;
		};
		56BFD19828C15B79007BBE57 /* Frameworks */ = {
			isa = PBXFrameworksBuildPhase;
			buildActionMask = 2147483647;
			files = (
			);
			runOnlyForDeploymentPostprocessing = 0;
		};
/* End PBXFrameworksBuildPhase section */

/* Begin PBXGroup section */
		56BFD17728C15B75007BBE57 = {
			isa = PBXGroup;
			children = (
				56BFD18228C15B75007BBE57 /* MSOffice RPC */,
				56BFD19428C15B79007BBE57 /* MSOffice RPCTests */,
				56BFD19E28C15B79007BBE57 /* MSOffice RPCUITests */,
				56BFD18128C15B75007BBE57 /* Products */,
			);
			sourceTree = "<group>";
		};
		56BFD18128C15B75007BBE57 /* Products */ = {
			isa = PBXGroup;
			children = (
				56BFD18028C15B75007BBE57 /* MSOffice RPC.app */,
				56BFD19128C15B79007BBE57 /* MSOffice RPCTests.xctest */,
				56BFD19B28C15B79007BBE57 /* MSOffice RPCUITests.xctest */,
			);
			name = Products;
			sourceTree = "<group>";
		};
		56BFD18228C15B75007BBE57 /* MSOffice RPC */ = {
			isa = PBXGroup;
			children = (
				56BFD1AE28C15BC8007BBE57 /* Python Scripts */,
				56BFD18328C15B75007BBE57 /* MSOffice_RPCApp.swift */,
				56BFD18528C15B75007BBE57 /* ContentView.swift */,
				56BFD18728C15B78007BBE57 /* Assets.xcassets */,
				56BFD18C28C15B78007BBE57 /* MSOffice_RPC.entitlements */,
				56BFD18928C15B78007BBE57 /* Preview Content */,
			);
			path = "MSOffice RPC";
			sourceTree = "<group>";
		};
		56BFD18928C15B78007BBE57 /* Preview Content */ = {
			isa = PBXGroup;
			children = (
				56BFD18A28C15B78007BBE57 /* Preview Assets.xcassets */,
			);
			path = "Preview Content";
			sourceTree = "<group>";
		};
		56BFD19428C15B79007BBE57 /* MSOffice RPCTests */ = {
			isa = PBXGroup;
			children = (
				56BFD19528C15B79007BBE57 /* MSOffice_RPCTests.swift */,
			);
			path = "MSOffice RPCTests";
			sourceTree = "<group>";
		};
		56BFD19E28C15B79007BBE57 /* MSOffice RPCUITests */ = {
			isa = PBXGroup;
			children = (
				56BFD19F28C15B79007BBE57 /* MSOffice_RPCUITests.swift */,
				56BFD1A128C15B79007BBE57 /* MSOffice_RPCUITestsLaunchTests.swift */,
			);
			path = "MSOffice RPCUITests";
			sourceTree = "<group>";
		};
/* End PBXGroup section */

/* Begin PBXNativeTarget section */
		56BFD17F28C15B75007BBE57 /* MSOffice RPC */ = {
			isa = PBXNativeTarget;
			buildConfigurationList = 56BFD1A528C15B79007BBE57 /* Build configuration list for PBXNativeTarget "MSOffice RPC" */;
			buildPhases = (
				56BFD17C28C15B75007BBE57 /* Sources */,
				56BFD17D28C15B75007BBE57 /* Frameworks */,
				56BFD17E28C15B75007BBE57 /* Resources */,
			);
			buildRules = (
			);
			dependencies = (
			);
			name = "MSOffice RPC";
			packageProductDependencies = (
				56BFD1B128C15C1F007BBE57 /* PythonKit */,
			);
			productName = "MSOffice RPC";
			productReference = 56BFD18028C15B75007BBE57 /* MSOffice RPC.app */;
			productType = "com.apple.product-type.application";
		};
		56BFD19028C15B79007BBE57 /* MSOffice RPCTests */ = {
			isa = PBXNativeTarget;
			buildConfigurationList = 56BFD1A828C15B79007BBE57 /* Build configuration list for PBXNativeTarget "MSOffice RPCTests" */;
			buildPhases = (
				56BFD18D28C15B79007BBE57 /* Sources */,
				56BFD18E28C15B79007BBE57 /* Frameworks */,
				56BFD18F28C15B79007BBE57 /* Resources */,
			);
			buildRules = (
			);
			dependencies = (
				56BFD19328C15B79007BBE57 /* PBXTargetDependency */,
			);
			name = "MSOffice RPCTests";
			productName = "MSOffice RPCTests";
			productReference = 56BFD19128C15B79007BBE57 /* MSOffice RPCTests.xctest */;
			productType = "com.apple.product-type.bundle.unit-test";
		};
		56BFD19A28C15B79007BBE57 /* MSOffice RPCUITests */ = {
			isa = PBXNativeTarget;
			buildConfigurationList = 56BFD1AB28C15B79007BBE57 /* Build configuration list for PBXNativeTarget "MSOffice RPCUITests" */;
			buildPhases = (
				56BFD19728C15B79007BBE57 /* Sources */,
				56BFD19828C15B79007BBE57 /* Frameworks */,
				56BFD19928C15B79007BBE57 /* Resources */,
			);
			buildRules = (
			);
			dependencies = (
				56BFD19D28C15B79007BBE57 /* PBXTargetDependency */,
			);
			name = "MSOffice RPCUITests";
			productName = "MSOffice RPCUITests";
			productReference = 56BFD19B28C15B79007BBE57 /* MSOffice RPCUITests.xctest */;
			productType = "com.apple.product-type.bundle.ui-testing";
		};
/* End PBXNativeTarget section */

/* Begin PBXProject section */
		56BFD17828C15B75007BBE57 /* Project object */ = {
			isa = PBXProject;
			attributes = {
				BuildIndependentTargetsInParallel = 1;
				LastSwiftUpdateCheck = 1400;
				LastUpgradeCheck = 1400;
				TargetAttributes = {
					56BFD17F28C15B75007BBE57 = {
						CreatedOnToolsVersion = 14.0;
					};
					56BFD19028C15B79007BBE57 = {
						CreatedOnToolsVersion = 14.0;
						TestTargetID = 56BFD17F28C15B75007BBE57;
					};
					56BFD19A28C15B79007BBE57 = {
						CreatedOnToolsVersion = 14.0;
						TestTargetID = 56BFD17F28C15B75007BBE57;
					};
				};
			};
			buildConfigurationList = 56BFD17B28C15B75007BBE57 /* Build configuration list for PBXProject "MSOffice RPC" */;
			compatibilityVersion = "Xcode 14.0";
			developmentRegion = en;
			hasScannedForEncodings = 0;
			knownRegions = (
				en,
				Base,
			);
			mainGroup = 56BFD17728C15B75007BBE57;
			packageReferences = (
				56BFD1B028C15C1F007BBE57 /* XCRemoteSwiftPackageReference "PythonKit" */,
			);
			productRefGroup = 56BFD18128C15B75007BBE57 /* Products */;
			projectDirPath = "";
			projectRoot = "";
			targets = (
				56BFD17F28C15B75007BBE57 /* MSOffice RPC */,
				56BFD19028C15B79007BBE57 /* MSOffice RPCTests */,
				56BFD19A28C15B79007BBE57 /* MSOffice RPCUITests */,
			);
		};
/* End PBXProject section */

/* Begin PBXResourcesBuildPhase section */
		56BFD17E28C15B75007BBE57 /* Resources */ = {
			isa = PBXResourcesBuildPhase;
			buildActionMask = 2147483647;
			files = (
				56BFD1AF28C15BC8007BBE57 /* Python Scripts in Resources */,
				56BFD18B28C15B78007BBE57 /* Preview Assets.xcassets in Resources */,
				56BFD18828C15B78007BBE57 /* Assets.xcassets in Resources */,
			);
			runOnlyForDeploymentPostprocessing = 0;
		};
		56BFD18F28C15B79007BBE57 /* Resources */ = {
			isa = PBXResourcesBuildPhase;
			buildActionMask = 2147483647;
			files = (
			);
			runOnlyForDeploymentPostprocessing = 0;
		};
		56BFD19928C15B79007BBE57 /* Resources */ = {
			isa = PBXResourcesBuildPhase;
			buildActionMask = 2147483647;
			files = (
			);
			runOnlyForDeploymentPostprocessing = 0;
		};
/* End PBXResourcesBuildPhase section */

/* Begin PBXSourcesBuildPhase section */
		56BFD17C28C15B75007BBE57 /* Sources */ = {
			isa = PBXSourcesBuildPhase;
			buildActionMask = 2147483647;
			files = (
				56BFD18628C15B75007BBE57 /* ContentView.swift in Sources */,
				56BFD18428C15B75007BBE57 /* MSOffice_RPCApp.swift in Sources */,
			);
			runOnlyForDeploymentPostprocessing = 0;
		};
		56BFD18D28C15B79007BBE57 /* Sources */ = {
			isa = PBXSourcesBuildPhase;
			buildActionMask = 2147483647;
			files = (
				56BFD19628C15B79007BBE57 /* MSOffice_RPCTests.swift in Sources */,
			);
			runOnlyForDeploymentPostprocessing = 0;
		};
		56BFD19728C15B79007BBE57 /* Sources */ = {
			isa = PBXSourcesBuildPhase;
			buildActionMask = 2147483647;
			files = (
				56BFD1A228C15B79007BBE57 /* MSOffice_RPCUITestsLaunchTests.swift in Sources */,
				56BFD1A028C15B79007BBE57 /* MSOffice_RPCUITests.swift in Sources */,
			);
			runOnlyForDeploymentPostprocessing = 0;
		};
/* End PBXSourcesBuildPhase section */

/* Begin PBXTargetDependency section */
		56BFD19328C15B79007BBE57 /* PBXTargetDependency */ = {
			isa = PBXTargetDependency;
			target = 56BFD17F28C15B75007BBE57 /* MSOffice RPC */;
			targetProxy = 56BFD19228C15B79007BBE57 /* PBXContainerItemProxy */;
		};
		56BFD19D28C15B79007BBE57 /* PBXTargetDependency */ = {
			isa = PBXTargetDependency;
			target = 56BFD17F28C15B75007BBE57 /* MSOffice RPC */;
			targetProxy = 56BFD19C28C15B79007BBE57 /* PBXContainerItemProxy */;
		};
/* End PBXTargetDependency section */

/* Begin XCBuildConfiguration section */
		56BFD1A328C15B79007BBE57 /* Debug */ = {
			isa = XCBuildConfiguration;
			buildSettings = {
				ALWAYS_SEARCH_USER_PATHS = NO;
				CLANG_ANALYZER_NONNULL = YES;
				CLANG_ANALYZER_NUMBER_OBJECT_CONVERSION = YES_AGGRESSIVE;
				CLANG_CXX_LANGUAGE_STANDARD = "gnu++20";
				CLANG_ENABLE_MODULES = YES;
				CLANG_ENABLE_OBJC_ARC = YES;
				CLANG_ENABLE_OBJC_WEAK = YES;
				CLANG_WARN_BLOCK_CAPTURE_AUTORELEASING = YES;
				CLANG_WARN_BOOL_CONVERSION = YES;
				CLANG_WARN_COMMA = YES;
				CLANG_WARN_CONSTANT_CONVERSION = YES;
				CLANG_WARN_DEPRECATED_OBJC_IMPLEMENTATIONS = YES;
				CLANG_WARN_DIRECT_OBJC_ISA_USAGE = YES_ERROR;
				CLANG_WARN_DOCUMENTATION_COMMENTS = YES;
				CLANG_WARN_EMPTY_BODY = YES;
				CLANG_WARN_ENUM_CONVERSION = YES;
				CLANG_WARN_INFINITE_RECURSION = YES;
				CLANG_WARN_INT_CONVERSION = YES;
				CLANG_WARN_NON_LITERAL_NULL_CONVERSION = YES;
				CLANG_WARN_OBJC_IMPLICIT_RETAIN_SELF = YES;
				CLANG_WARN_OBJC_LITERAL_CONVERSION = YES;
				CLANG_WARN_OBJC_ROOT_CLASS = YES_ERROR;
				CLANG_WARN_QUOTED_INCLUDE_IN_FRAMEWORK_HEADER = YES;
				CLANG_WARN_RANGE_LOOP_ANALYSIS = YES;
				CLANG_WARN_STRICT_PROTOTYPES = YES;
				CLANG_WARN_SUSPICIOUS_MOVE = YES;
				CLANG_WARN_UNGUARDED_AVAILABILITY = YES_AGGRESSIVE;
				CLANG_WARN_UNREACHABLE_CODE = YES;
				CLANG_WARN__DUPLICATE_METHOD_MATCH = YES;
				COPY_PHASE_STRIP = NO;
				DEBUG_INFORMATION_FORMAT = dwarf;
				ENABLE_STRICT_OBJC_MSGSEND = YES;
				ENABLE_TESTABILITY = YES;
				GCC_C_LANGUAGE_STANDARD = gnu11;
				GCC_DYNAMIC_NO_PIC = NO;
				GCC_NO_COMMON_BLOCKS = YES;
				GCC_OPTIMIZATION_LEVEL = 0;
				GCC_PREPROCESSOR_DEFINITIONS = (
					"DEBUG=1",
					"$(inherited)",
				);
				GCC_WARN_64_TO_32_BIT_CONVERSION = YES;
				GCC_WARN_ABOUT_RETURN_TYPE = YES_ERROR;
				GCC_WARN_UNDECLARED_SELECTOR = YES;
				GCC_WARN_UNINITIALIZED_AUTOS = YES_AGGRESSIVE;
				GCC_WARN_UNUSED_FUNCTION = YES;
				GCC_WARN_UNUSED_VARIABLE = YES;
				MACOSX_DEPLOYMENT_TARGET = 13.0;
				MTL_ENABLE_DEBUG_INFO = INCLUDE_SOURCE;
				MTL_FAST_MATH = YES;
				ONLY_ACTIVE_ARCH = YES;
				SDKROOT = macosx;
				SWIFT_ACTIVE_COMPILATION_CONDITIONS = DEBUG;
				SWIFT_OPTIMIZATION_LEVEL = "-Onone";
			};
			name = Debug;
		};
		56BFD1A428C15B79007BBE57 /* Release */ = {
			isa = XCBuildConfiguration;
			buildSettings = {
				ALWAYS_SEARCH_USER_PATHS = NO;
				CLANG_ANALYZER_NONNULL = YES;
				CLANG_ANALYZER_NUMBER_OBJECT_CONVERSION = YES_AGGRESSIVE;
				CLANG_CXX_LANGUAGE_STANDARD = "gnu++20";
				CLANG_ENABLE_MODULES = YES;
				CLANG_ENABLE_OBJC_ARC = YES;
				CLANG_ENABLE_OBJC_WEAK = YES;
				CLANG_WARN_BLOCK_CAPTURE_AUTORELEASING = YES;
				CLANG_WARN_BOOL_CONVERSION = YES;
				CLANG_WARN_COMMA = YES;
				CLANG_WARN_CONSTANT_CONVERSION = YES;
				CLANG_WARN_DEPRECATED_OBJC_IMPLEMENTATIONS = YES;
				CLANG_WARN_DIRECT_OBJC_ISA_USAGE = YES_ERROR;
				CLANG_WARN_DOCUMENTATION_COMMENTS = YES;
				CLANG_WARN_EMPTY_BODY = YES;
				CLANG_WARN_ENUM_CONVERSION = YES;
				CLANG_WARN_INFINITE_RECURSION = YES;
				CLANG_WARN_INT_CONVERSION = YES;
				CLANG_WARN_NON_LITERAL_NULL_CONVERSION = YES;
				CLANG_WARN_OBJC_IMPLICIT_RETAIN_SELF = YES;
				CLANG_WARN_OBJC_LITERAL_CONVERSION = YES;
				CLANG_WARN_OBJC_ROOT_CLASS = YES_ERROR;
				CLANG_WARN_QUOTED_INCLUDE_IN_FRAMEWORK_HEADER = YES;
				CLANG_WARN_RANGE_LOOP_ANALYSIS = YES;
				CLANG_WARN_STRICT_PROTOTYPES = YES;
				CLANG_WARN_SUSPICIOUS_MOVE = YES;
				CLANG_WARN_UNGUARDED_AVAILABILITY = YES_AGGRESSIVE;
				CLANG_WARN_UNREACHABLE_CODE = YES;
				CLANG_WARN__DUPLICATE_METHOD_MATCH = YES;
				COPY_PHASE_STRIP = NO;
				DEBUG_INFORMATION_FORMAT = "dwarf-with-dsym";
				ENABLE_NS_ASSERTIONS = NO;
				ENABLE_STRICT_OBJC_MSGSEND = YES;
				GCC_C_LANGUAGE_STANDARD = gnu11;
				GCC_NO_COMMON_BLOCKS = YES;
				GCC_WARN_64_TO_32_BIT_CONVERSION = YES;
				GCC_WARN_ABOUT_RETURN_TYPE = YES_ERROR;
				GCC_WARN_UNDECLARED_SELECTOR = YES;
				GCC_WARN_UNINITIALIZED_AUTOS = YES_AGGRESSIVE;
				GCC_WARN_UNUSED_FUNCTION = YES;
				GCC_WARN_UNUSED_VARIABLE = YES;
				MACOSX_DEPLOYMENT_TARGET = 13.0;
				MTL_ENABLE_DEBUG_INFO = NO;
				MTL_FAST_MATH = YES;
				SDKROOT = macosx;
				SWIFT_COMPILATION_MODE = wholemodule;
				SWIFT_OPTIMIZATION_LEVEL = "-O";
			};
			name = Release;
		};
		56BFD1A628C15B79007BBE57 /* Debug */ = {
			isa = XCBuildConfiguration;
			buildSettings = {
				ASSETCATALOG_COMPILER_APPICON_NAME = AppIcon;
				ASSETCATALOG_COMPILER_GLOBAL_ACCENT_COLOR_NAME = AccentColor;
				CODE_SIGN_ENTITLEMENTS = "MSOffice RPC/MSOffice_RPC.entitlements";
				"CODE_SIGN_IDENTITY[sdk=macosx*]" = "Apple Development";
				CODE_SIGN_STYLE = Automatic;
				COMBINE_HIDPI_IMAGES = YES;
				CURRENT_PROJECT_VERSION = 1;
				DEVELOPMENT_ASSET_PATHS = "\"MSOffice RPC/Preview Content\"";
				DEVELOPMENT_TEAM = 34776YZ8KQ;
				ENABLE_HARDENED_RUNTIME = YES;
				ENABLE_PREVIEWS = YES;
				GENERATE_INFOPLIST_FILE = YES;
				INFOPLIST_KEY_NSHumanReadableCopyright = "";
				LD_RUNPATH_SEARCH_PATHS = (
					"$(inherited)",
					"@executable_path/../Frameworks",
				);
				MARKETING_VERSION = 1.0;
				PRODUCT_BUNDLE_IDENTIFIER = "Stxyl.MSOffice-RPC";
				PRODUCT_NAME = "$(TARGET_NAME)";
				SWIFT_EMIT_LOC_STRINGS = YES;
				SWIFT_VERSION = 5.0;
			};
			name = Debug;
		};
		56BFD1A728C15B79007BBE57 /* Release */ = {
			isa = XCBuildConfiguration;
			buildSettings = {
				ASSETCATALOG_COMPILER_APPICON_NAME = AppIcon;
				ASSETCATALOG_COMPILER_GLOBAL_ACCENT_COLOR_NAME = AccentColor;
				CODE_SIGN_ENTITLEMENTS = "MSOffice RPC/MSOffice_RPC.entitlements";
				"CODE_SIGN_IDENTITY[sdk=macosx*]" = "Apple Development";
				CODE_SIGN_STYLE = Automatic;
				COMBINE_HIDPI_IMAGES = YES;
				CURRENT_PROJECT_VERSION = 1;
				DEVELOPMENT_ASSET_PATHS = "\"MSOffice RPC/Preview Content\"";
				DEVELOPMENT_TEAM = 34776YZ8KQ;
				ENABLE_HARDENED_RUNTIME = YES;
				ENABLE_PREVIEWS = YES;
				GENERATE_INFOPLIST_FILE = YES;
				INFOPLIST_KEY_NSHumanReadableCopyright = "";
				LD_RUNPATH_SEARCH_PATHS = (
					"$(inherited)",
					"@executable_path/../Frameworks",
				);
				MARKETING_VERSION = 1.0;
				PRODUCT_BUNDLE_IDENTIFIER = "Stxyl.MSOffice-RPC";
				PRODUCT_NAME = "$(TARGET_NAME)";
				SWIFT_EMIT_LOC_STRINGS = YES;
				SWIFT_VERSION = 5.0;
			};
			name = Release;
		};
		56BFD1A928C15B79007BBE57 /* Debug */ = {
			isa = XCBuildConfiguration;
			buildSettings = {
				ALWAYS_EMBED_SWIFT_STANDARD_LIBRARIES = YES;
				BUNDLE_LOADER = "$(TEST_HOST)";
				CODE_SIGN_STYLE = Automatic;
				CURRENT_PROJECT_VERSION = 1;
				DEVELOPMENT_TEAM = 34776YZ8KQ;
				GENERATE_INFOPLIST_FILE = YES;
				MACOSX_DEPLOYMENT_TARGET = 13.0;
				MARKETING_VERSION = 1.0;
				PRODUCT_BUNDLE_IDENTIFIER = "Stxyl.MSOffice-RPCTests";
				PRODUCT_NAME = "$(TARGET_NAME)";
				SWIFT_EMIT_LOC_STRINGS = NO;
				SWIFT_VERSION = 5.0;
				TEST_HOST = "$(BUILT_PRODUCTS_DIR)/MSOffice RPC.app/$(BUNDLE_EXECUTABLE_FOLDER_PATH)/MSOffice RPC";
			};
			name = Debug;
		};
		56BFD1AA28C15B79007BBE57 /* Release */ = {
			isa = XCBuildConfiguration;
			buildSettings = {
				ALWAYS_EMBED_SWIFT_STANDARD_LIBRARIES = YES;
				BUNDLE_LOADER = "$(TEST_HOST)";
				CODE_SIGN_STYLE = Automatic;
				CURRENT_PROJECT_VERSION = 1;
				DEVELOPMENT_TEAM = 34776YZ8KQ;
				GENERATE_INFOPLIST_FILE = YES;
				MACOSX_DEPLOYMENT_TARGET = 13.0;
				MARKETING_VERSION = 1.0;
				PRODUCT_BUNDLE_IDENTIFIER = "Stxyl.MSOffice-RPCTests";
				PRODUCT_NAME = "$(TARGET_NAME)";
				SWIFT_EMIT_LOC_STRINGS = NO;
				SWIFT_VERSION = 5.0;
				TEST_HOST = "$(BUILT_PRODUCTS_DIR)/MSOffice RPC.app/$(BUNDLE_EXECUTABLE_FOLDER_PATH)/MSOffice RPC";
			};
			name = Release;
		};
		56BFD1AC28C15B79007BBE57 /* Debug */ = {
			isa = XCBuildConfiguration;
			buildSettings = {
				ALWAYS_EMBED_SWIFT_STANDARD_LIBRARIES = YES;
				CODE_SIGN_STYLE = Automatic;
				CURRENT_PROJECT_VERSION = 1;
				DEVELOPMENT_TEAM = 34776YZ8KQ;
				GENERATE_INFOPLIST_FILE = YES;
				MARKETING_VERSION = 1.0;
				PRODUCT_BUNDLE_IDENTIFIER = "Stxyl.MSOffice-RPCUITests";
				PRODUCT_NAME = "$(TARGET_NAME)";
				SWIFT_EMIT_LOC_STRINGS = NO;
				SWIFT_VERSION = 5.0;
				TEST_TARGET_NAME = "MSOffice RPC";
			};
			name = Debug;
		};
		56BFD1AD28C15B79007BBE57 /* Release */ = {
			isa = XCBuildConfiguration;
			buildSettings = {
				ALWAYS_EMBED_SWIFT_STANDARD_LIBRARIES = YES;
				CODE_SIGN_STYLE = Automatic;
				CURRENT_PROJECT_VERSION = 1;
				DEVELOPMENT_TEAM = 34776YZ8KQ;
				GENERATE_INFOPLIST_FILE = YES;
				MARKETING_VERSION = 1.0;
				PRODUCT_BUNDLE_IDENTIFIER = "Stxyl.MSOffice-RPCUITests";
				PRODUCT_NAME = "$(TARGET_NAME)";
				SWIFT_EMIT_LOC_STRINGS = NO;
				SWIFT_VERSION = 5.0;
				TEST_TARGET_NAME = "MSOffice RPC";
			};
			name = Release;
		};
/* End XCBuildConfiguration section */

/* Begin XCConfigurationList section */
		56BFD17B28C15B75007BBE57 /* Build configuration list for PBXProject "MSOffice RPC" */ = {
			isa = XCConfigurationList;
			buildConfigurations = (
				56BFD1A328C15B79007BBE57 /* Debug */,
				56BFD1A428C15B79007BBE57 /* Release */,
			);
			defaultConfigurationIsVisible = 0;
			defaultConfigurationName = Release;
		};
		56BFD1A528C15B79007BBE57 /* Build configuration list for PBXNativeTarget "MSOffice RPC" */ = {
			isa = XCConfigurationList;
			buildConfigurations = (
				56BFD1A628C15B79007BBE57 /* Debug */,
				56BFD1A728C15B79007BBE57 /* Release */,
			);
			defaultConfigurationIsVisible = 0;
			defaultConfigurationName = Release;
		};
		56BFD1A828C15B79007BBE57 /* Build configuration list for PBXNativeTarget "MSOffice RPCTests" */ = {
			isa = XCConfigurationList;
			buildConfigurations = (
				56BFD1A928C15B79007BBE57 /* Debug */,
				56BFD1AA28C15B79007BBE57 /* Release */,
			);
			defaultConfigurationIsVisible = 0;
			defaultConfigurationName = Release;
		};
		56BFD1AB28C15B79007BBE57 /* Build configuration list for PBXNativeTarget "MSOffice RPCUITests" */ = {
			isa = XCConfigurationList;
			buildConfigurations = (
				56BFD1AC28C15B79007BBE57 /* Debug */,
				56BFD1AD28C15B79007BBE57 /* Release */,
			);
			defaultConfigurationIsVisible = 0;
			defaultConfigurationName = Release;
		};
/* End XCConfigurationList section */

/* Begin XCRemoteSwiftPackageReference section */
		56BFD1B028C15C1F007BBE57 /* XCRemoteSwiftPackageReference "PythonKit" */ = {
			isa = XCRemoteSwiftPackageReference;
			repositoryURL = "https://github.com/pvieito/PythonKit.git";
			requirement = {
				branch = master;
				kind = branch;
			};
		};
/* End XCRemoteSwiftPackageReference section */

/* Begin XCSwiftPackageProductDependency section */
		56BFD1B128C15C1F007BBE57 /* PythonKit */ = {
			isa = XCSwiftPackageProductDependency;
			package = 56BFD1B028C15C1F007BBE57 /* XCRemoteSwiftPackageReference "PythonKit" */;
			productName = PythonKit;
		};
/* End XCSwiftPackageProductDependency section */
	};
	rootObject = 56BFD17828C15B75007BBE57 /* Project object */;
}
